{
    "_meta": {
        "hash": {
            "sha256": "2913a4c0ce67db2de77a470dca5388c4a9e01910228d1a8a1621a0972d16b3d1"
        },
        "pipfile-spec": 6,
        "requires": {
            "python_version": "3.6"
        },
        "sources": [
            {
                "name": "pypi",
                "url": "https://pypi.org/simple",
                "verify_ssl": true
            }
        ]
    },
    "default": {
        "turingarena-dev": {
            "editable": true,
            "path": "./src"
        },
        "turingarena-web": {
            "editable": true,
            "path": "./taserver"
        },
        "urllib3": {
            "hashes": [
                "sha256:753a0374df26658f99d826cfe40394a686d05985786d946fbe4165b5148f5a7c",
                "sha256:a7acd0977125325f516bda9735fa7142b909a8d01e8b2e4c8108d0984e6e0098"
            ],
            "index": "pypi",
            "version": "==1.26.5"
        }
    },
    "develop": {}
}
